
Microsoft Visual Studio Solution File, Format Version 12.00
# Visual Studio Version 17
VisualStudioVersion = 17.14.36429.23 d17.14
MinimumVisualStudioVersion = 10.0.40219.1
Project("{FAE04EC0-301F-11D3-BF4B-00C04F79EFBC}") = "Bibliotera", "Bibliotera\Bibliotera.csproj", "{5DE7F1CD-EC8E-4422-859D-15D18C47ECCD}"
EndProject
Global
	GlobalSection(SolutionConfigurationPlatforms) = preSolution
		Debug|Any CPU = Debug|Any CPU
		Release|Any CPU = Release|Any CPU
	EndGlobalSection
	GlobalSection(ProjectConfigurationPlatforms) = postSolution
		{5DE7F1CD-EC8E-4422-859D-15D18C47ECCD}.Debug|Any CPU.ActiveCfg = Debug|Any CPU
		{5DE7F1CD-EC8E-4422-859D-15D18C47ECCD}.Debug|Any CPU.Build.0 = Debug|Any CPU
		{5DE7F1CD-EC8E-4422-859D-15D18C47ECCD}.Release|Any CPU.ActiveCfg = Release|Any CPU
		{5DE7F1CD-EC8E-4422-859D-15D18C47ECCD}.Release|Any CPU.Build.0 = Release|Any CPU
	EndGlobalSection
	GlobalSection(SolutionProperties) = preSolution
		HideSolutionNode = FALSE
	EndGlobalSection
	GlobalSection(ExtensibilityGlobals) = postSolution
		SolutionGuid = {4A97E17E-EA98-4BC6-903D-C4DA3580BAC1}
	EndGlobalSection
EndGlobal
